lockfileVersion: '9.0'

settings:
  autoInstallPeers: true
  excludeLinksFromLockfile: false

importers:

  .:
    dependencies:
      '@panda-project/config':
        specifier: workspace:*
        version: link:../config
      '@panda-project/core':
        specifier: workspace:*
        version: link:../core
      '@panda-project/use-case':
        specifier: workspace:*
        version: link:../use-case
